<?xml version="1.0" encoding="utf-8"?>
<Project ToolsVersion="16.0" xmlns="http://schemas.microsoft.com/developer/msbuild/2003">
  <ItemGroup>
    <ClCompile Include="..\test\FourSuite.cpp">
      <Filter>Source Files</Filter>
    </ClCompile>
    <ClCompile Include="..\test\MemoryManagerSuite.cpp">
      <Filter>Source Files</Filter>
    </ClCompile>
    <ClCompile Include="..\test\test.cpp">
      <Filter>Source Files</Filter>
    </ClCompile>
    <ClCompile Include="..\test\VersionSuite.cpp">
      <Filter>Source Files</Filter>
    </ClCompile>
    <ClCompile Include="..\src\UriCommon.c">
      <Filter>Source Files</Filter>
    </ClCompile>
    <ClCompile Include="..\src\UriCompare.c">
      <Filter>Source Files</Filter>
    </ClCompile>
    <ClCompile Include="..\src\UriEscape.c">
      <Filter>Source Files</Filter>
    </ClCompile>
    <ClCompile Include="..\src\UriFile.c">
      <Filter>Source Files</Filter>
    </ClCompile>
    <ClCompile Include="..\src\UriIp4Base.c">
      <Filter>Source Files</Filter>
    </ClCompile>
    <ClCompile Include="..\src\UriIp4.c">
      <Filter>Source Files</Filter>
    </ClCompile>
    <ClCompile Include="..\src\UriMemory.c">
      <Filter>Source Files</Filter>
    </ClCompile>
    <ClCompile Include="..\src\UriNormalizeBase.c">
      <Filter>Source Files</Filter>
    </ClCompile>
    <ClCompile Include="..\src\UriNormalize.c">
      <Filter>Source Files</Filter>
    </ClCompile>
    <ClCompile Include="..\src\UriParseBase.c">
      <Filter>Source Files</Filter>
    </ClCompile>
    <ClCompile Include="..\src\UriParse.c">
      <Filter>Source Files</Filter>
    </ClCompile>
    <ClCompile Include="..\src\UriQuery.c">
      <Filter>Source Files</Filter>
    </ClCompile>
    <ClCompile Include="..\src\UriRecompose.c">
      <Filter>Source Files</Filter>
    </ClCompile>
    <ClCompile Include="..\src\UriResolve.c">
      <Filter>Source Files</Filter>
    </ClCompile>
    <ClCompile Include="..\src\UriShorten.c">
      <Filter>Source Files</Filter>
    </ClCompile>
  </ItemGroup>
  <ItemGroup>
    <ClInclude Include="..\include\uriparser\UriBase.h">
      <Filter>Header Files</Filter>
    </ClInclude>
    <ClInclude Include="..\include\uriparser\UriDefsAnsi.h">
      <Filter>Header Files</Filter>
    </ClInclude>
    <ClInclude Include="..\include\uriparser\UriDefsConfig.h">
      <Filter>Header Files</Filter>
    </ClInclude>
    <ClInclude Include="..\include\uriparser\UriDefsUnicode.h">
      <Filter>Header Files</Filter>
    </ClInclude>
    <ClInclude Include="..\include\uriparser\Uri.h">
      <Filter>Header Files</Filter>
    </ClInclude>
    <ClInclude Include="..\include\uriparser\UriIp4.h">
      <Filter>Header Files</Filter>
    </ClInclude>
    <ClInclude Include="..\src\UriCommon.h">
      <Filter>Header Files</Filter>
    </ClInclude>
    <ClInclude Include="..\src\UriIp4Base.h">
      <Filter>Header Files</Filter>
    </ClInclude>
    <ClInclude Include="..\src\UriMemory.h">
      <Filter>Header Files</Filter>
    </ClInclude>
    <ClInclude Include="..\src\UriNormalizeBase.h">
      <Filter>Header Files</Filter>
    </ClInclude>
    <ClInclude Include="..\src\UriParseBase.h">
      <Filter>Header Files</Filter>
    </ClInclude>
  </ItemGroup>
  <ItemGroup>
    <Filter Include="Header Files">
      <UniqueIdentifier>{C0DB5F39-D241-35B7-AD46-31EECAF08A33}</UniqueIdentifier>
    </Filter>
    <Filter Include="Source Files">
      <UniqueIdentifier>{C743660F-F976-366D-8781-3277DE23AF60}</UniqueIdentifier>
    </Filter>
  </ItemGroup>
</Project>